
Microsoft Visual Studio Solution File, Format Version 12.00
# Visual Studio Version 17
VisualStudioVersion = 17.4.33403.182
MinimumVisualStudioVersion = 10.0.40219.1
Project("{FAE04EC0-301F-11D3-BF4B-00C04F79EFBC}") = "DependencyInjectionExample", "DependencyInjection\DependencyInjectionExample.csproj", "{8D9472CD-1351-4844-A942-663F62383CF7}"
EndProject
Project("{FAE04EC0-301F-11D3-BF4B-00C04F79EFBC}") = "Middlewares", "Middlewares\Middlewares.csproj", "{858F035B-1F12-4FF9-9BCE-0DBA1604309F}"
EndProject
Global
	GlobalSection(SolutionConfigurationPlatforms) = preSolution
		Debug|Any CPU = Debug|Any CPU
		Release|Any CPU = Release|Any CPU
	EndGlobalSection
	GlobalSection(ProjectConfigurationPlatforms) = postSolution
		{8D9472CD-1351-4844-A942-663F62383CF7}.Debug|Any CPU.ActiveCfg = Debug|Any CPU
		{8D9472CD-1351-4844-A942-663F62383CF7}.Debug|Any CPU.Build.0 = Debug|Any CPU
		{8D9472CD-1351-4844-A942-663F62383CF7}.Release|Any CPU.ActiveCfg = Release|Any CPU
		{8D9472CD-1351-4844-A942-663F62383CF7}.Release|Any CPU.Build.0 = Release|Any CPU
		{858F035B-1F12-4FF9-9BCE-0DBA1604309F}.Debug|Any CPU.ActiveCfg = Debug|Any CPU
		{858F035B-1F12-4FF9-9BCE-0DBA1604309F}.Debug|Any CPU.Build.0 = Debug|Any CPU
		{858F035B-1F12-4FF9-9BCE-0DBA1604309F}.Release|Any CPU.ActiveCfg = Release|Any CPU
		{858F035B-1F12-4FF9-9BCE-0DBA1604309F}.Release|Any CPU.Build.0 = Release|Any CPU
	EndGlobalSection
	GlobalSection(SolutionProperties) = preSolution
		HideSolutionNode = FALSE
	EndGlobalSection
	GlobalSection(ExtensibilityGlobals) = postSolution
		SolutionGuid = {DE74A822-6019-4854-85DC-5EF53D453C10}
	EndGlobalSection
EndGlobal
